
Microsoft Visual Studio Solution File, Format Version 12.00
# Visual Studio Version 16
VisualStudioVersion = 16.0.31613.86
MinimumVisualStudioVersion = 10.0.40219.1
Project("{FAE04EC0-301F-11D3-BF4B-00C04F79EFBC}") = "SelectColors", "SelectColors.csproj", "{5841F5D5-9BAF-41BE-A046-018B16B22BCA}"
EndProject
Global
	GlobalSection(SolutionConfigurationPlatforms) = preSolution
		Debug|Any CPU = Debug|Any CPU
		Release|Any CPU = Release|Any CPU
	EndGlobalSection
	GlobalSection(ProjectConfigurationPlatforms) = postSolution
		{5841F5D5-9BAF-41BE-A046-018B16B22BCA}.Debug|Any CPU.ActiveCfg = Debug|Any CPU
		{5841F5D5-9BAF-41BE-A046-018B16B22BCA}.Debug|Any CPU.Build.0 = Debug|Any CPU
		{5841F5D5-9BAF-41BE-A046-018B16B22BCA}.Release|Any CPU.ActiveCfg = Release|Any CPU
		{5841F5D5-9BAF-41BE-A046-018B16B22BCA}.Release|Any CPU.Build.0 = Release|Any CPU
	EndGlobalSection
	GlobalSection(SolutionProperties) = preSolution
		HideSolutionNode = FALSE
	EndGlobalSection
	GlobalSection(ExtensibilityGlobals) = postSolution
		SolutionGuid = {0CCEDC19-02DA-4C12-B906-F29E8598975B}
	EndGlobalSection
EndGlobal
